
Microsoft Visual Studio Solution File, Format Version 12.00
# Visual Studio Version 17
VisualStudioVersion = 17.7.34009.444
MinimumVisualStudioVersion = 10.0.40219.1
Project("{FAE04EC0-301F-11D3-BF4B-00C04F79EFBC}") = "FirstWebAPI", "FirstWebAPI.csproj", "{7F607A82-3FCF-47CE-B561-3EAF63B6BD5D}"
EndProject
Global
	GlobalSection(SolutionConfigurationPlatforms) = preSolution
		Debug|Any CPU = Debug|Any CPU
		Release|Any CPU = Release|Any CPU
	EndGlobalSection
	GlobalSection(ProjectConfigurationPlatforms) = postSolution
		{7F607A82-3FCF-47CE-B561-3EAF63B6BD5D}.Debug|Any CPU.ActiveCfg = Debug|Any CPU
		{7F607A82-3FCF-47CE-B561-3EAF63B6BD5D}.Debug|Any CPU.Build.0 = Debug|Any CPU
		{7F607A82-3FCF-47CE-B561-3EAF63B6BD5D}.Release|Any CPU.ActiveCfg = Release|Any CPU
		{7F607A82-3FCF-47CE-B561-3EAF63B6BD5D}.Release|Any CPU.Build.0 = Release|Any CPU
	EndGlobalSection
	GlobalSection(SolutionProperties) = preSolution
		HideSolutionNode = FALSE
	EndGlobalSection
	GlobalSection(ExtensibilityGlobals) = postSolution
		SolutionGuid = {F1DEB7D1-A431-4679-BA91-3808F106C0EF}
	EndGlobalSection
EndGlobal
